// !$*UTF8*$!
{
	archiveVersion = 1;
	classes = {
	};
	objectVersion = 48;
	objects = {

/* Begin PBXBuildFile section */
		2B6F88161FE06E13007438F4 /* ReceiptTransactionAmount.swift in Sources */ = {isa = PBXBuildFile; fileRef = 2B6F88151FE06E13007438F4 /* ReceiptTransactionAmount.swift */; };
		2B6F88181FE09E47007438F4 /* PhotoLibraryViewController.swift in Sources */ = {isa = PBXBuildFile; fileRef = 2B6F88171FE09E47007438F4 /* PhotoLibraryViewController.swift */; };
		2B6F881A1FE1E183007438F4 /* LoginViewController.swift in Sources */ = {isa = PBXBuildFile; fileRef = 2B6F88191FE1E183007438F4 /* LoginViewController.swift */; };
		2B8F05471FBE947A00EBEC1D /* PhotoViewController.swift in Sources */ = {isa = PBXBuildFile; fileRef = 2B8F05461FBE947A00EBEC1D /* PhotoViewController.swift */; };
		2BDC34DD1FBA758D00C6AFA9 /* CameraViewController.swift in Sources */ = {isa = PBXBuildFile; fileRef = 2BDC34DC1FBA758D00C6AFA9 /* CameraViewController.swift */; };
		3D04B07E448C2BEB74905189 /* Pods_Simplicity.framework in Frameworks */ = {isa = PBXBuildFile; fileRef = 5A5AA80BD93280883C4A3B44 /* Pods_Simplicity.framework */; };
		92018BC51FA983D7006AF351 /* AppDelegate.swift in Sources */ = {isa = PBXBuildFile; fileRef = 92018BC41FA983D7006AF351 /* AppDelegate.swift */; };
		92018BCC1FA983D7006AF351 /* Main.storyboard in Resources */ = {isa = PBXBuildFile; fileRef = 92018BCA1FA983D7006AF351 /* Main.storyboard */; };
		92018BCE1FA983D7006AF351 /* Assets.xcassets in Resources */ = {isa = PBXBuildFile; fileRef = 92018BCD1FA983D7006AF351 /* Assets.xcassets */; };
		92018BD11FA983D7006AF351 /* LaunchScreen.storyboard in Resources */ = {isa = PBXBuildFile; fileRef = 92018BCF1FA983D7006AF351 /* LaunchScreen.storyboard */; };
		92018BDC1FA983D7006AF351 /* SimplicityTests.swift in Sources */ = {isa = PBXBuildFile; fileRef = 92018BDB1FA983D7006AF351 /* SimplicityTests.swift */; };
		92018BE71FA983D7006AF351 /* SimplicityUITests.swift in Sources */ = {isa = PBXBuildFile; fileRef = 92018BE61FA983D7006AF351 /* SimplicityUITests.swift */; };
		92018BF91FA9922A006AF351 /* TabBarController.swift in Sources */ = {isa = PBXBuildFile; fileRef = 92018BF81FA9922A006AF351 /* TabBarController.swift */; };
		92018BFB1FA9924C006AF351 /* OverviewViewController.swift in Sources */ = {isa = PBXBuildFile; fileRef = 92018BFA1FA9924C006AF351 /* OverviewViewController.swift */; };
		92018BFD1FA99275006AF351 /* TransactionsViewController.swift in Sources */ = {isa = PBXBuildFile; fileRef = 92018BFC1FA99275006AF351 /* TransactionsViewController.swift */; };
		92018BFF1FA99824006AF351 /* AddViewController.swift in Sources */ = {isa = PBXBuildFile; fileRef = 92018BFE1FA99824006AF351 /* AddViewController.swift */; };
		92018C011FA99862006AF351 /* ReceiptsViewController.swift in Sources */ = {isa = PBXBuildFile; fileRef = 92018C001FA99862006AF351 /* ReceiptsViewController.swift */; };
		92018C031FA998A4006AF351 /* SettingsViewController.swift in Sources */ = {isa = PBXBuildFile; fileRef = 92018C021FA998A4006AF351 /* SettingsViewController.swift */; };
		92018C061FA99AF6006AF351 /* MainNavigationBar.swift in Sources */ = {isa = PBXBuildFile; fileRef = 92018C051FA99AF6006AF351 /* MainNavigationBar.swift */; };
		9217AAFE1FB68FF30093D6DB /* Transaction.swift in Sources */ = {isa = PBXBuildFile; fileRef = 9217AAFD1FB68FF30093D6DB /* Transaction.swift */; };
		9217AB001FB692820093D6DB /* Receipt.swift in Sources */ = {isa = PBXBuildFile; fileRef = 9217AAFF1FB692820093D6DB /* Receipt.swift */; };
		9217AB021FB6957B0093D6DB /* Overview.swift in Sources */ = {isa = PBXBuildFile; fileRef = 9217AB011FB6957B0093D6DB /* Overview.swift */; };
		9217AB041FB697B20093D6DB /* DataManager.swift in Sources */ = {isa = PBXBuildFile; fileRef = 9217AB031FB697B20093D6DB /* DataManager.swift */; };
		921DD9361FDA156200EBF6FF /* ReceiptCell.swift in Sources */ = {isa = PBXBuildFile; fileRef = 921DD9351FDA156200EBF6FF /* ReceiptCell.swift */; };
		921DD9381FDA499F00EBF6FF /* ReceiptDetailViewController.swift in Sources */ = {isa = PBXBuildFile; fileRef = 921DD9371FDA499F00EBF6FF /* ReceiptDetailViewController.swift */; };
		921DD93A1FDA4C6600EBF6FF /* LeftBackNavigationBar.swift in Sources */ = {isa = PBXBuildFile; fileRef = 921DD9391FDA4C6600EBF6FF /* LeftBackNavigationBar.swift */; };
		924ECA051FDF8D4D00CC9790 /* TransactionTableViewCell.swift in Sources */ = {isa = PBXBuildFile; fileRef = 924ECA041FDF8D4D00CC9790 /* TransactionTableViewCell.swift */; };
		927316F91FABB794004E6DBC /* RequestManager.swift in Sources */ = {isa = PBXBuildFile; fileRef = 927316F81FABB794004E6DBC /* RequestManager.swift */; };
		92A6E6971FC69D9500D2052C /* Breakdown.swift in Sources */ = {isa = PBXBuildFile; fileRef = 92A6E6961FC69D9500D2052C /* Breakdown.swift */; };
/* End PBXBuildFile section */

/* Begin PBXContainerItemProxy section */
		92018BD81FA983D7006AF351 /* PBXContainerItemProxy */ = {
			isa = PBXContainerItemProxy;
			containerPortal = 92018BB91FA983D7006AF351 /* Project object */;
			proxyType = 1;
			remoteGlobalIDString = 92018BC01FA983D7006AF351;
			remoteInfo = Simplicity;
		};
		92018BE31FA983D7006AF351 /* PBXContainerItemProxy */ = {
			isa = PBXContainerItemProxy;
			containerPortal = 92018BB91FA983D7006AF351 /* Project object */;
			proxyType = 1;
			remoteGlobalIDString = 92018BC01FA983D7006AF351;
			remoteInfo = Simplicity;
		};
/* End PBXContainerItemProxy section */

/* Begin PBXFileReference section */
		25B4CFE9E2903DD3DCC277A2 /* Pods-Simplicity.release.xcconfig */ = {isa = PBXFileReference; includeInIndex = 1; lastKnownFileType = text.xcconfig; name = "Pods-Simplicity.release.xcconfig"; path = "Pods/Target Support Files/Pods-Simplicity/Pods-Simplicity.release.xcconfig"; sourceTree = "<group>"; };
		2B6F88151FE06E13007438F4 /* ReceiptTransactionAmount.swift */ = {isa = PBXFileReference; lastKnownFileType = sourcecode.swift; path = ReceiptTransactionAmount.swift; sourceTree = "<group>"; };
		2B6F88171FE09E47007438F4 /* PhotoLibraryViewController.swift */ = {isa = PBXFileReference; lastKnownFileType = sourcecode.swift; path = PhotoLibraryViewController.swift; sourceTree = "<group>"; };
		2B6F88191FE1E183007438F4 /* LoginViewController.swift */ = {isa = PBXFileReference; lastKnownFileType = sourcecode.swift; path = LoginViewController.swift; sourceTree = "<group>"; };
		2B8F05461FBE947A00EBEC1D /* PhotoViewController.swift */ = {isa = PBXFileReference; lastKnownFileType = sourcecode.swift; path = PhotoViewController.swift; sourceTree = "<group>"; };
		2BDC34DC1FBA758D00C6AFA9 /* CameraViewController.swift */ = {isa = PBXFileReference; lastKnownFileType = sourcecode.swift; path = CameraViewController.swift; sourceTree = "<group>"; };
		5A5AA80BD93280883C4A3B44 /* Pods_Simplicity.framework */ = {isa = PBXFileReference; explicitFileType = wrapper.framework; includeInIndex = 0; path = Pods_Simplicity.framework; sourceTree = BUILT_PRODUCTS_DIR; };
		92018BC11FA983D7006AF351 /* Simplicity.app */ = {isa = PBXFileReference; explicitFileType = wrapper.application; includeInIndex = 0; path = Simplicity.app; sourceTree = BUILT_PRODUCTS_DIR; };
		92018BC41FA983D7006AF351 /* AppDelegate.swift */ = {isa = PBXFileReference; lastKnownFileType = sourcecode.swift; path = AppDelegate.swift; sourceTree = "<group>"; };
		92018BCB1FA983D7006AF351 /* Base */ = {isa = PBXFileReference; lastKnownFileType = file.storyboard; name = Base; path = Base.lproj/Main.storyboard; sourceTree = "<group>"; };
		92018BCD1FA983D7006AF351 /* Assets.xcassets */ = {isa = PBXFileReference; lastKnownFileType = folder.assetcatalog; path = Assets.xcassets; sourceTree = "<group>"; };
		92018BD01FA983D7006AF351 /* Base */ = {isa = PBXFileReference; lastKnownFileType = file.storyboard; name = Base; path = Base.lproj/LaunchScreen.storyboard; sourceTree = "<group>"; };
		92018BD21FA983D7006AF351 /* Info.plist */ = {isa = PBXFileReference; lastKnownFileType = text.plist.xml; path = Info.plist; sourceTree = "<group>"; };
		92018BD71FA983D7006AF351 /* SimplicityTests.xctest */ = {isa = PBXFileReference; explicitFileType = wrapper.cfbundle; includeInIndex = 0; path = SimplicityTests.xctest; sourceTree = BUILT_PRODUCTS_DIR; };
		92018BDB1FA983D7006AF351 /* SimplicityTests.swift */ = {isa = PBXFileReference; lastKnownFileType = sourcecode.swift; path = SimplicityTests.swift; sourceTree = "<group>"; };
		92018BDD1FA983D7006AF351 /* Info.plist */ = {isa = PBXFileReference; lastKnownFileType = text.plist.xml; path = Info.plist; sourceTree = "<group>"; };
		92018BE21FA983D7006AF351 /* SimplicityUITests.xctest */ = {isa = PBXFileReference; explicitFileType = wrapper.cfbundle; includeInIndex = 0; path = SimplicityUITests.xctest; sourceTree = BUILT_PRODUCTS_DIR; };
		92018BE61FA983D7006AF351 /* SimplicityUITests.swift */ = {isa = PBXFileReference; lastKnownFileType = sourcecode.swift; path = SimplicityUITests.swift; sourceTree = "<group>"; };
		92018BE81FA983D7006AF351 /* Info.plist */ = {isa = PBXFileReference; lastKnownFileType = text.plist.xml; path = Info.plist; sourceTree = "<group>"; };
		92018BF81FA9922A006AF351 /* TabBarController.swift */ = {isa = PBXFileReference; lastKnownFileType = sourcecode.swift; path = TabBarController.swift; sourceTree = "<group>"; };
		92018BFA1FA9924C006AF351 /* OverviewViewController.swift */ = {isa = PBXFileReference; lastKnownFileType = sourcecode.swift; path = OverviewViewController.swift; sourceTree = "<group>"; };
		92018BFC1FA99275006AF351 /* TransactionsViewController.swift */ = {isa = PBXFileReference; lastKnownFileType = sourcecode.swift; path = TransactionsViewController.swift; sourceTree = "<group>"; };
		92018BFE1FA99824006AF351 /* AddViewController.swift */ = {isa = PBXFileReference; lastKnownFileType = sourcecode.swift; path = AddViewController.swift; sourceTree = "<group>"; };
		92018C001FA99862006AF351 /* ReceiptsViewController.swift */ = {isa = PBXFileReference; lastKnownFileType = sourcecode.swift; path = ReceiptsViewController.swift; sourceTree = "<group>"; };
		92018C021FA998A4006AF351 /* SettingsViewController.swift */ = {isa = PBXFileReference; lastKnownFileType = sourcecode.swift; path = SettingsViewController.swift; sourceTree = "<group>"; };
		92018C051FA99AF6006AF351 /* MainNavigationBar.swift */ = {isa = PBXFileReference; lastKnownFileType = sourcecode.swift; path = MainNavigationBar.swift; sourceTree = "<group>"; };
		9217AAFD1FB68FF30093D6DB /* Transaction.swift */ = {isa = PBXFileReference; lastKnownFileType = sourcecode.swift; path = Transaction.swift; sourceTree = "<group>"; };
		9217AAFF1FB692820093D6DB /* Receipt.swift */ = {isa = PBXFileReference; lastKnownFileType = sourcecode.swift; path = Receipt.swift; sourceTree = "<group>"; };
		9217AB011FB6957B0093D6DB /* Overview.swift */ = {isa = PBXFileReference; lastKnownFileType = sourcecode.swift; path = Overview.swift; sourceTree = "<group>"; };
		9217AB031FB697B20093D6DB /* DataManager.swift */ = {isa = PBXFileReference; lastKnownFileType = sourcecode.swift; path = DataManager.swift; sourceTree = "<group>"; };
		921DD9351FDA156200EBF6FF /* ReceiptCell.swift */ = {isa = PBXFileReference; lastKnownFileType = sourcecode.swift; path = ReceiptCell.swift; sourceTree = "<group>"; };
		921DD9371FDA499F00EBF6FF /* ReceiptDetailViewController.swift */ = {isa = PBXFileReference; lastKnownFileType = sourcecode.swift; path = ReceiptDetailViewController.swift; sourceTree = "<group>"; };
		921DD9391FDA4C6600EBF6FF /* LeftBackNavigationBar.swift */ = {isa = PBXFileReference; lastKnownFileType = sourcecode.swift; path = LeftBackNavigationBar.swift; sourceTree = "<group>"; };
		924ECA041FDF8D4D00CC9790 /* TransactionTableViewCell.swift */ = {isa = PBXFileReference; lastKnownFileType = sourcecode.swift; path = TransactionTableViewCell.swift; sourceTree = "<group>"; };
		927316F81FABB794004E6DBC /* RequestManager.swift */ = {isa = PBXFileReference; lastKnownFileType = sourcecode.swift; path = RequestManager.swift; sourceTree = "<group>"; };
		92A6E6961FC69D9500D2052C /* Breakdown.swift */ = {isa = PBXFileReference; lastKnownFileType = sourcecode.swift; path = Breakdown.swift; sourceTree = "<group>"; };
		AF3658F84728A7341FBF8EAA /* Pods-Simplicity.debug.xcconfig */ = {isa = PBXFileReference; includeInIndex = 1; lastKnownFileType = text.xcconfig; name = "Pods-Simplicity.debug.xcconfig"; path = "Pods/Target Support Files/Pods-Simplicity/Pods-Simplicity.debug.xcconfig"; sourceTree = "<group>"; };
/* End PBXFileReference section */

/* Begin PBXFrameworksBuildPhase section */
		92018BBE1FA983D7006AF351 /* Frameworks */ = {
			isa = PBXFrameworksBuildPhase;
			buildActionMask = 2147483647;
			files = (
				3D04B07E448C2BEB74905189 /* Pods_Simplicity.framework in Frameworks */,
			);
			runOnlyForDeploymentPostprocessing = 0;
		};
		92018BD41FA983D7006AF351 /* Frameworks */ = {
			isa = PBXFrameworksBuildPhase;
			buildActionMask = 2147483647;
			files = (
			);
			runOnlyForDeploymentPostprocessing = 0;
		};
		92018BDF1FA983D7006AF351 /* Frameworks */ = {
			isa = PBXFrameworksBuildPhase;
			buildActionMask = 2147483647;
			files = (
			);
			runOnlyForDeploymentPostprocessing = 0;
		};
/* End PBXFrameworksBuildPhase section */

/* Begin PBXGroup section */
		2B1735AF40953E80793BB9A5 /* Frameworks */ = {
			isa = PBXGroup;
			children = (
				5A5AA80BD93280883C4A3B44 /* Pods_Simplicity.framework */,
			);
			name = Frameworks;
			sourceTree = "<group>";
		};
		75CE74FC82731AC67581A1E8 /* Pods */ = {
			isa = PBXGroup;
			children = (
				AF3658F84728A7341FBF8EAA /* Pods-Simplicity.debug.xcconfig */,
				25B4CFE9E2903DD3DCC277A2 /* Pods-Simplicity.release.xcconfig */,
			);
			name = Pods;
			sourceTree = "<group>";
		};
		92018BB81FA983D7006AF351 = {
			isa = PBXGroup;
			children = (
				92018BC31FA983D7006AF351 /* Simplicity */,
				92018BDA1FA983D7006AF351 /* SimplicityTests */,
				92018BE51FA983D7006AF351 /* SimplicityUITests */,
				92018BC21FA983D7006AF351 /* Products */,
				75CE74FC82731AC67581A1E8 /* Pods */,
				2B1735AF40953E80793BB9A5 /* Frameworks */,
			);
			sourceTree = "<group>";
		};
		92018BC21FA983D7006AF351 /* Products */ = {
			isa = PBXGroup;
			children = (
				92018BC11FA983D7006AF351 /* Simplicity.app */,
				92018BD71FA983D7006AF351 /* SimplicityTests.xctest */,
				92018BE21FA983D7006AF351 /* SimplicityUITests.xctest */,
			);
			name = Products;
			sourceTree = "<group>";
		};
		92018BC31FA983D7006AF351 /* Simplicity */ = {
			isa = PBXGroup;
			children = (
				92018BF41FA98991006AF351 /* Controllers */,
				927316F71FABB769004E6DBC /* Managers */,
				9217AAFC1FB68FC90093D6DB /* Models */,
				92018C041FA99A0D006AF351 /* Views */,
				92018BF51FA98A13006AF351 /* SupportFiles */,
			);
			path = Simplicity;
			sourceTree = "<group>";
		};
		92018BDA1FA983D7006AF351 /* SimplicityTests */ = {
			isa = PBXGroup;
			children = (
				92018BDB1FA983D7006AF351 /* SimplicityTests.swift */,
				92018BDD1FA983D7006AF351 /* Info.plist */,
			);
			path = SimplicityTests;
			sourceTree = "<group>";
		};
		92018BE51FA983D7006AF351 /* SimplicityUITests */ = {
			isa = PBXGroup;
			children = (
				92018BE61FA983D7006AF351 /* SimplicityUITests.swift */,
				92018BE81FA983D7006AF351 /* Info.plist */,
			);
			path = SimplicityUITests;
			sourceTree = "<group>";
		};
		92018BF41FA98991006AF351 /* Controllers */ = {
			isa = PBXGroup;
			children = (
				92018BF81FA9922A006AF351 /* TabBarController.swift */,
				2BDC34DC1FBA758D00C6AFA9 /* CameraViewController.swift */,
				92018BFA1FA9924C006AF351 /* OverviewViewController.swift */,
				92018BFC1FA99275006AF351 /* TransactionsViewController.swift */,
				92018BFE1FA99824006AF351 /* AddViewController.swift */,
				2B8F05461FBE947A00EBEC1D /* PhotoViewController.swift */,
				92018C001FA99862006AF351 /* ReceiptsViewController.swift */,
				921DD9371FDA499F00EBF6FF /* ReceiptDetailViewController.swift */,
				92018C021FA998A4006AF351 /* SettingsViewController.swift */,
				2B6F88171FE09E47007438F4 /* PhotoLibraryViewController.swift */,
				2B6F88191FE1E183007438F4 /* LoginViewController.swift */,
			);
			path = Controllers;
			sourceTree = "<group>";
		};
		92018BF51FA98A13006AF351 /* SupportFiles */ = {
			isa = PBXGroup;
			children = (
				92018BC41FA983D7006AF351 /* AppDelegate.swift */,
				92018BCA1FA983D7006AF351 /* Main.storyboard */,
				92018BCD1FA983D7006AF351 /* Assets.xcassets */,
				92018BCF1FA983D7006AF351 /* LaunchScreen.storyboard */,
				92018BD21FA983D7006AF351 /* Info.plist */,
			);
			path = SupportFiles;
			sourceTree = "<group>";
		};
		92018C041FA99A0D006AF351 /* Views */ = {
			isa = PBXGroup;
			children = (
				92018C051FA99AF6006AF351 /* MainNavigationBar.swift */,
				921DD9391FDA4C6600EBF6FF /* LeftBackNavigationBar.swift */,
				921DD9351FDA156200EBF6FF /* ReceiptCell.swift */,
				924ECA041FDF8D4D00CC9790 /* TransactionTableViewCell.swift */,
			);
			path = Views;
			sourceTree = "<group>";
		};
		9217AAFC1FB68FC90093D6DB /* Models */ = {
			isa = PBXGroup;
			children = (
				9217AAFD1FB68FF30093D6DB /* Transaction.swift */,
				9217AAFF1FB692820093D6DB /* Receipt.swift */,
				2B6F88151FE06E13007438F4 /* ReceiptTransactionAmount.swift */,
				9217AB011FB6957B0093D6DB /* Overview.swift */,
				92A6E6961FC69D9500D2052C /* Breakdown.swift */,
			);
			name = Models;
			path = Simplicity/Models;
			sourceTree = SOURCE_ROOT;
		};
		927316F71FABB769004E6DBC /* Managers */ = {
			isa = PBXGroup;
			children = (
				927316F81FABB794004E6DBC /* RequestManager.swift */,
				9217AB031FB697B20093D6DB /* DataManager.swift */,
			);
			name = Managers;
			path = Simplicity/Managers;
			sourceTree = SOURCE_ROOT;
		};
/* End PBXGroup section */

/* Begin PBXNativeTarget section */
		92018BC01FA983D7006AF351 /* Simplicity */ = {
			isa = PBXNativeTarget;
			buildConfigurationList = 92018BEB1FA983D7006AF351 /* Build configuration list for PBXNativeTarget "Simplicity" */;
			buildPhases = (
				1F3D96D8B76840B04C0F9670 /* [CP] Check Pods Manifest.lock */,
				92018BBD1FA983D7006AF351 /* Sources */,
				92018BBE1FA983D7006AF351 /* Frameworks */,
				92018BBF1FA983D7006AF351 /* Resources */,
				D0889A3C316A31AD22FB539C /* [CP] Embed Pods Frameworks */,
				61262B676B07267C27DD0AE4 /* [CP] Copy Pods Resources */,
			);
			buildRules = (
			);
			dependencies = (
			);
			name = Simplicity;
			productName = Simplicity;
			productReference = 92018BC11FA983D7006AF351 /* Simplicity.app */;
			productType = "com.apple.product-type.application";
		};
		92018BD61FA983D7006AF351 /* SimplicityTests */ = {
			isa = PBXNativeTarget;
			buildConfigurationList = 92018BEE1FA983D7006AF351 /* Build configuration list for PBXNativeTarget "SimplicityTests" */;
			buildPhases = (
				92018BD31FA983D7006AF351 /* Sources */,
				92018BD41FA983D7006AF351 /* Frameworks */,
				92018BD51FA983D7006AF351 /* Resources */,
			);
			buildRules = (
			);
			dependencies = (
				92018BD91FA983D7006AF351 /* PBXTargetDependency */,
			);
			name = SimplicityTests;
			productName = SimplicityTests;
			productReference = 92018BD71FA983D7006AF351 /* SimplicityTests.xctest */;
			productType = "com.apple.product-type.bundle.unit-test";
		};
		92018BE11FA983D7006AF351 /* SimplicityUITests */ = {
			isa = PBXNativeTarget;
			buildConfigurationList = 92018BF11FA983D7006AF351 /* Build configuration list for PBXNativeTarget "SimplicityUITests" */;
			buildPhases = (
				92018BDE1FA983D7006AF351 /* Sources */,
				92018BDF1FA983D7006AF351 /* Frameworks */,
				92018BE01FA983D7006AF351 /* Resources */,
			);
			buildRules = (
			);
			dependencies = (
				92018BE41FA983D7006AF351 /* PBXTargetDependency */,
			);
			name = SimplicityUITests;
			productName = SimplicityUITests;
			productReference = 92018BE21FA983D7006AF351 /* SimplicityUITests.xctest */;
			productType = "com.apple.product-type.bundle.ui-testing";
		};
/* End PBXNativeTarget section */

/* Begin PBXProject section */
		92018BB91FA983D7006AF351 /* Project object */ = {
			isa = PBXProject;
			attributes = {
				LastSwiftUpdateCheck = 0900;
				LastUpgradeCheck = 0900;
				ORGANIZATIONNAME = LikeX4Y;
				TargetAttributes = {
					92018BC01FA983D7006AF351 = {
						CreatedOnToolsVersion = 9.0.1;
						ProvisioningStyle = Automatic;
					};
					92018BD61FA983D7006AF351 = {
						CreatedOnToolsVersion = 9.0.1;
						ProvisioningStyle = Automatic;
						TestTargetID = 92018BC01FA983D7006AF351;
					};
					92018BE11FA983D7006AF351 = {
						CreatedOnToolsVersion = 9.0.1;
						ProvisioningStyle = Automatic;
						TestTargetID = 92018BC01FA983D7006AF351;
					};
				};
			};
			buildConfigurationList = 92018BBC1FA983D7006AF351 /* Build configuration list for PBXProject "Simplicity" */;
			compatibilityVersion = "Xcode 8.0";
			developmentRegion = en;
			hasScannedForEncodings = 0;
			knownRegions = (
				en,
				Base,
			);
			mainGroup = 92018BB81FA983D7006AF351;
			productRefGroup = 92018BC21FA983D7006AF351 /* Products */;
			projectDirPath = "";
			projectRoot = "";
			targets = (
				92018BC01FA983D7006AF351 /* Simplicity */,
				92018BD61FA983D7006AF351 /* SimplicityTests */,
				92018BE11FA983D7006AF351 /* SimplicityUITests */,
			);
		};
/* End PBXProject section */

/* Begin PBXResourcesBuildPhase section */
		92018BBF1FA983D7006AF351 /* Resources */ = {
			isa = PBXResourcesBuildPhase;
			buildActionMask = 2147483647;
			files = (
				92018BD11FA983D7006AF351 /* LaunchScreen.storyboard in Resources */,
				92018BCE1FA983D7006AF351 /* Assets.xcassets in Resources */,
				92018BCC1FA983D7006AF351 /* Main.storyboard in Resources */,
			);
			runOnlyForDeploymentPostprocessing = 0;
		};
		92018BD51FA983D7006AF351 /* Resources */ = {
			isa = PBXResourcesBuildPhase;
			buildActionMask = 2147483647;
			files = (
			);
			runOnlyForDeploymentPostprocessing = 0;
		};
		92018BE01FA983D7006AF351 /* Resources */ = {
			isa = PBXResourcesBuildPhase;
			buildActionMask = 2147483647;
			files = (
			);
			runOnlyForDeploymentPostprocessing = 0;
		};
/* End PBXResourcesBuildPhase section */

/* Begin PBXShellScriptBuildPhase section */
		1F3D96D8B76840B04C0F9670 /* [CP] Check Pods Manifest.lock */ = {
			isa = PBXShellScriptBuildPhase;
			buildActionMask = 2147483647;
			files = (
			);
			inputPaths = (
				"${PODS_PODFILE_DIR_PATH}/Podfile.lock",
				"${PODS_ROOT}/Manifest.lock",
			);
			name = "[CP] Check Pods Manifest.lock";
			outputPaths = (
				"$(DERIVED_FILE_DIR)/Pods-Simplicity-checkManifestLockResult.txt",
			);
			runOnlyForDeploymentPostprocessing = 0;
			shellPath = /bin/sh;
			shellScript = "diff \"${PODS_PODFILE_DIR_PATH}/Podfile.lock\" \"${PODS_ROOT}/Manifest.lock\" > /dev/null\nif [ $? != 0 ] ; then\n    # print error to STDERR\n    echo \"error: The sandbox is not in sync with the Podfile.lock. Run 'pod install' or update your CocoaPods installation.\" >&2\n    exit 1\nfi\n# This output is used by Xcode 'outputs' to avoid re-running this script phase.\necho \"SUCCESS\" > \"${SCRIPT_OUTPUT_FILE_0}\"\n";
			showEnvVarsInLog = 0;
		};
		61262B676B07267C27DD0AE4 /* [CP] Copy Pods Resources */ = {
			isa = PBXShellScriptBuildPhase;
			buildActionMask = 2147483647;
			files = (
			);
			inputPaths = (
			);
			name = "[CP] Copy Pods Resources";
			outputPaths = (
			);
			runOnlyForDeploymentPostprocessing = 0;
			shellPath = /bin/sh;
			shellScript = "\"${SRCROOT}/Pods/Target Support Files/Pods-Simplicity/Pods-Simplicity-resources.sh\"\n";
			showEnvVarsInLog = 0;
		};
		D0889A3C316A31AD22FB539C /* [CP] Embed Pods Frameworks */ = {
			isa = PBXShellScriptBuildPhase;
			buildActionMask = 2147483647;
			files = (
			);
			inputPaths = (
				"${SRCROOT}/Pods/Target Support Files/Pods-Simplicity/Pods-Simplicity-frameworks.sh",
				"${BUILT_PRODUCTS_DIR}/Charts/Charts.framework",
				"${BUILT_PRODUCTS_DIR}/SwiftyJSON/SwiftyJSON.framework",
			);
			name = "[CP] Embed Pods Frameworks";
			outputPaths = (
				"${TARGET_BUILD_DIR}/${FRAMEWORKS_FOLDER_PATH}/Charts.framework",
				"${TARGET_BUILD_DIR}/${FRAMEWORKS_FOLDER_PATH}/SwiftyJSON.framework",
			);
			runOnlyForDeploymentPostprocessing = 0;
			shellPath = /bin/sh;
			shellScript = "\"${SRCROOT}/Pods/Target Support Files/Pods-Simplicity/Pods-Simplicity-frameworks.sh\"\n";
			showEnvVarsInLog = 0;
		};
/* End PBXShellScriptBuildPhase section */

/* Begin PBXSourcesBuildPhase section */
		92018BBD1FA983D7006AF351 /* Sources */ = {
			isa = PBXSourcesBuildPhase;
			buildActionMask = 2147483647;
			files = (
				9217AB021FB6957B0093D6DB /* Overview.swift in Sources */,
				92018BFF1FA99824006AF351 /* AddViewController.swift in Sources */,
				92018C011FA99862006AF351 /* ReceiptsViewController.swift in Sources */,
				2B6F881A1FE1E183007438F4 /* LoginViewController.swift in Sources */,
				92018C031FA998A4006AF351 /* SettingsViewController.swift in Sources */,
				92018BFD1FA99275006AF351 /* TransactionsViewController.swift in Sources */,
				9217AAFE1FB68FF30093D6DB /* Transaction.swift in Sources */,
				92018C061FA99AF6006AF351 /* MainNavigationBar.swift in Sources */,
				92A6E6971FC69D9500D2052C /* Breakdown.swift in Sources */,
				92018BC51FA983D7006AF351 /* AppDelegate.swift in Sources */,
				9217AB001FB692820093D6DB /* Receipt.swift in Sources */,
				927316F91FABB794004E6DBC /* RequestManager.swift in Sources */,
				92018BF91FA9922A006AF351 /* TabBarController.swift in Sources */,
				2B6F88161FE06E13007438F4 /* ReceiptTransactionAmount.swift in Sources */,
				2BDC34DD1FBA758D00C6AFA9 /* CameraViewController.swift in Sources */,
				9217AB041FB697B20093D6DB /* DataManager.swift in Sources */,
				92018BFB1FA9924C006AF351 /* OverviewViewController.swift in Sources */,
				921DD9381FDA499F00EBF6FF /* ReceiptDetailViewController.swift in Sources */,
				921DD93A1FDA4C6600EBF6FF /* LeftBackNavigationBar.swift in Sources */,
				2B6F88181FE09E47007438F4 /* PhotoLibraryViewController.swift in Sources */,
				924ECA051FDF8D4D00CC9790 /* TransactionTableViewCell.swift in Sources */,
				921DD9361FDA156200EBF6FF /* ReceiptCell.swift in Sources */,
				2B8F05471FBE947A00EBEC1D /* PhotoViewController.swift in Sources */,
			);
			runOnlyForDeploymentPostprocessing = 0;
		};
		92018BD31FA983D7006AF351 /* Sources */ = {
			isa = PBXSourcesBuildPhase;
			buildActionMask = 2147483647;
			files = (
				92018BDC1FA983D7006AF351 /* SimplicityTests.swift in Sources */,
			);
			runOnlyForDeploymentPostprocessing = 0;
		};
		92018BDE1FA983D7006AF351 /* Sources */ = {
			isa = PBXSourcesBuildPhase;
			buildActionMask = 2147483647;
			files = (
				92018BE71FA983D7006AF351 /* SimplicityUITests.swift in Sources */,
			);
			runOnlyForDeploymentPostprocessing = 0;
		};
/* End PBXSourcesBuildPhase section */

/* Begin PBXTargetDependency section */
		92018BD91FA983D7006AF351 /* PBXTargetDependency */ = {
			isa = PBXTargetDependency;
			target = 92018BC01FA983D7006AF351 /* Simplicity */;
			targetProxy = 92018BD81FA983D7006AF351 /* PBXContainerItemProxy */;
		};
		92018BE41FA983D7006AF351 /* PBXTargetDependency */ = {
			isa = PBXTargetDependency;
			target = 92018BC01FA983D7006AF351 /* Simplicity */;
			targetProxy = 92018BE31FA983D7006AF351 /* PBXContainerItemProxy */;
		};
/* End PBXTargetDependency section */

/* Begin PBXVariantGroup section */
		92018BCA1FA983D7006AF351 /* Main.storyboard */ = {
			isa = PBXVariantGroup;
			children = (
				92018BCB1FA983D7006AF351 /* Base */,
			);
			name = Main.storyboard;
			sourceTree = "<group>";
		};
		92018BCF1FA983D7006AF351 /* LaunchScreen.storyboard */ = {
			isa = PBXVariantGroup;
			children = (
				92018BD01FA983D7006AF351 /* Base */,
			);
			name = LaunchScreen.storyboard;
			sourceTree = "<group>";
		};
/* End PBXVariantGroup section */

/* Begin XCBuildConfiguration section */
		92018BE91FA983D7006AF351 /* Debug */ = {
			isa = XCBuildConfiguration;
			buildSettings = {
				ALWAYS_SEARCH_USER_PATHS = NO;
				CLANG_ANALYZER_NONNULL = YES;
				CLANG_ANALYZER_NUMBER_OBJECT_CONVERSION = YES_AGGRESSIVE;
				CLANG_CXX_LANGUAGE_STANDARD = "gnu++14";
				CLANG_CXX_LIBRARY = "libc++";
				CLANG_ENABLE_MODULES = YES;
				CLANG_ENABLE_OBJC_ARC = YES;
				CLANG_WARN_BLOCK_CAPTURE_AUTORELEASING = YES;
				CLANG_WARN_BOOL_CONVERSION = YES;
				CLANG_WARN_COMMA = YES;
				CLANG_WARN_CONSTANT_CONVERSION = YES;
				CLANG_WARN_DIRECT_OBJC_ISA_USAGE = YES_ERROR;
				CLANG_WARN_DOCUMENTATION_COMMENTS = YES;
				CLANG_WARN_EMPTY_BODY = YES;
				CLANG_WARN_ENUM_CONVERSION = YES;
				CLANG_WARN_INFINITE_RECURSION = YES;
				CLANG_WARN_INT_CONVERSION = YES;
				CLANG_WARN_NON_LITERAL_NULL_CONVERSION = YES;
				CLANG_WARN_OBJC_LITERAL_CONVERSION = YES;
				CLANG_WARN_OBJC_ROOT_CLASS = YES_ERROR;
				CLANG_WARN_RANGE_LOOP_ANALYSIS = YES;
				CLANG_WARN_STRICT_PROTOTYPES = YES;
				CLANG_WARN_SUSPICIOUS_MOVE = YES;
				CLANG_WARN_UNGUARDED_AVAILABILITY = YES_AGGRESSIVE;
				CLANG_WARN_UNREACHABLE_CODE = YES;
				CLANG_WARN__DUPLICATE_METHOD_MATCH = YES;
				CODE_SIGN_IDENTITY = "iPhone Developer";
				COPY_PHASE_STRIP = NO;
				DEBUG_INFORMATION_FORMAT = dwarf;
				ENABLE_STRICT_OBJC_MSGSEND = YES;
				ENABLE_TESTABILITY = YES;
				GCC_C_LANGUAGE_STANDARD = gnu11;
				GCC_DYNAMIC_NO_PIC = NO;
				GCC_NO_COMMON_BLOCKS = YES;
				GCC_OPTIMIZATION_LEVEL = 0;
				GCC_PREPROCESSOR_DEFINITIONS = (
					"DEBUG=1",
					"$(inherited)",
				);
				GCC_WARN_64_TO_32_BIT_CONVERSION = YES;
				GCC_WARN_ABOUT_RETURN_TYPE = YES_ERROR;
				GCC_WARN_UNDECLARED_SELECTOR = YES;
				GCC_WARN_UNINITIALIZED_AUTOS = YES_AGGRESSIVE;
				GCC_WARN_UNUSED_FUNCTION = YES;
				GCC_WARN_UNUSED_VARIABLE = YES;
				IPHONEOS_DEPLOYMENT_TARGET = 11.0;
				MTL_ENABLE_DEBUG_INFO = YES;
				ONLY_ACTIVE_ARCH = YES;
				SDKROOT = iphoneos;
				SWIFT_ACTIVE_COMPILATION_CONDITIONS = DEBUG;
				SWIFT_OPTIMIZATION_LEVEL = "-Onone";
			};
			name = Debug;
		};
		92018BEA1FA983D7006AF351 /* Release */ = {
			isa = XCBuildConfiguration;
			buildSettings = {
				ALWAYS_SEARCH_USER_PATHS = NO;
				CLANG_ANALYZER_NONNULL = YES;
				CLANG_ANALYZER_NUMBER_OBJECT_CONVERSION = YES_AGGRESSIVE;
				CLANG_CXX_LANGUAGE_STANDARD = "gnu++14";
				CLANG_CXX_LIBRARY = "libc++";
				CLANG_ENABLE_MODULES = YES;
				CLANG_ENABLE_OBJC_ARC = YES;
				CLANG_WARN_BLOCK_CAPTURE_AUTORELEASING = YES;
				CLANG_WARN_BOOL_CONVERSION = YES;
				CLANG_WARN_COMMA = YES;
				CLANG_WARN_CONSTANT_CONVERSION = YES;
				CLANG_WARN_DIRECT_OBJC_ISA_USAGE = YES_ERROR;
				CLANG_WARN_DOCUMENTATION_COMMENTS = YES;
				CLANG_WARN_EMPTY_BODY = YES;
				CLANG_WARN_ENUM_CONVERSION = YES;
				CLANG_WARN_INFINITE_RECURSION = YES;
				CLANG_WARN_INT_CONVERSION = YES;
				CLANG_WARN_NON_LITERAL_NULL_CONVERSION = YES;
				CLANG_WARN_OBJC_LITERAL_CONVERSION = YES;
				CLANG_WARN_OBJC_ROOT_CLASS = YES_ERROR;
				CLANG_WARN_RANGE_LOOP_ANALYSIS = YES;
				CLANG_WARN_STRICT_PROTOTYPES = YES;
				CLANG_WARN_SUSPICIOUS_MOVE = YES;
				CLANG_WARN_UNGUARDED_AVAILABILITY = YES_AGGRESSIVE;
				CLANG_WARN_UNREACHABLE_CODE = YES;
				CLANG_WARN__DUPLICATE_METHOD_MATCH = YES;
				CODE_SIGN_IDENTITY = "iPhone Developer";
				COPY_PHASE_STRIP = NO;
				DEBUG_INFORMATION_FORMAT = "dwarf-with-dsym";
				ENABLE_NS_ASSERTIONS = NO;
				ENABLE_STRICT_OBJC_MSGSEND = YES;
				GCC_C_LANGUAGE_STANDARD = gnu11;
				GCC_NO_COMMON_BLOCKS = YES;
				GCC_WARN_64_TO_32_BIT_CONVERSION = YES;
				GCC_WARN_ABOUT_RETURN_TYPE = YES_ERROR;
				GCC_WARN_UNDECLARED_SELECTOR = YES;
				GCC_WARN_UNINITIALIZED_AUTOS = YES_AGGRESSIVE;
				GCC_WARN_UNUSED_FUNCTION = YES;
				GCC_WARN_UNUSED_VARIABLE = YES;
				IPHONEOS_DEPLOYMENT_TARGET = 11.0;
				MTL_ENABLE_DEBUG_INFO = NO;
				SDKROOT = iphoneos;
				SWIFT_OPTIMIZATION_LEVEL = "-Owholemodule";
				VALIDATE_PRODUCT = YES;
			};
			name = Release;
		};
		92018BEC1FA983D7006AF351 /* Debug */ = {
			isa = XCBuildConfiguration;
			baseConfigurationReference = AF3658F84728A7341FBF8EAA /* Pods-Simplicity.debug.xcconfig */;
			buildSettings = {
				ASSETCATALOG_COMPILER_APPICON_NAME = AppIcon;
				CODE_SIGN_STYLE = Automatic;
				DEVELOPMENT_TEAM = AXPQTEQ3M9;
				INFOPLIST_FILE = "$(SRCROOT)/Simplicity/SupportFiles/Info.plist";
				IPHONEOS_DEPLOYMENT_TARGET = 10.3;
				LD_RUNPATH_SEARCH_PATHS = "$(inherited) @executable_path/Frameworks";
				PRODUCT_BUNDLE_IDENTIFIER = com.ItsLikeX4Y.Simplicity;
				PRODUCT_NAME = "$(TARGET_NAME)";
				SWIFT_VERSION = 4.0;
				TARGETED_DEVICE_FAMILY = "1,2";
			};
			name = Debug;
		};
		92018BED1FA983D7006AF351 /* Release */ = {
			isa = XCBuildConfiguration;
			baseConfigurationReference = 25B4CFE9E2903DD3DCC277A2 /* Pods-Simplicity.release.xcconfig */;
			buildSettings = {
				ASSETCATALOG_COMPILER_APPICON_NAME = AppIcon;
				CODE_SIGN_STYLE = Automatic;
				DEVELOPMENT_TEAM = AXPQTEQ3M9;
				INFOPLIST_FILE = "$(SRCROOT)/Simplicity/SupportFiles/Info.plist";
				IPHONEOS_DEPLOYMENT_TARGET = 10.3;
				LD_RUNPATH_SEARCH_PATHS = "$(inherited) @executable_path/Frameworks";
				PRODUCT_BUNDLE_IDENTIFIER = com.ItsLikeX4Y.Simplicity;
				PRODUCT_NAME = "$(TARGET_NAME)";
				SWIFT_VERSION = 4.0;
				TARGETED_DEVICE_FAMILY = "1,2";
			};
			name = Release;
		};
		92018BEF1FA983D7006AF351 /* Debug */ = {
			isa = XCBuildConfiguration;
			buildSettings = {
				ALWAYS_EMBED_SWIFT_STANDARD_LIBRARIES = YES;
				BUNDLE_LOADER = "$(TEST_HOST)";
				CODE_SIGN_STYLE = Automatic;
				DEVELOPMENT_TEAM = XL5FU698JV;
				INFOPLIST_FILE = SimplicityTests/Info.plist;
				LD_RUNPATH_SEARCH_PATHS = "$(inherited) @executable_path/Frameworks @loader_path/Frameworks";
				PRODUCT_BUNDLE_IDENTIFIER = com.LikeX4Y.SimplicityTests;
				PRODUCT_NAME = "$(TARGET_NAME)";
				SWIFT_VERSION = 4.0;
				TARGETED_DEVICE_FAMILY = "1,2";
				TEST_HOST = "$(BUILT_PRODUCTS_DIR)/Simplicity.app/Simplicity";
			};
			name = Debug;
		};
		92018BF01FA983D7006AF351 /* Release */ = {
			isa = XCBuildConfiguration;
			buildSettings = {
				ALWAYS_EMBED_SWIFT_STANDARD_LIBRARIES = YES;
				BUNDLE_LOADER = "$(TEST_HOST)";
				CODE_SIGN_STYLE = Automatic;
				DEVELOPMENT_TEAM = XL5FU698JV;
				INFOPLIST_FILE = SimplicityTests/Info.plist;
				LD_RUNPATH_SEARCH_PATHS = "$(inherited) @executable_path/Frameworks @loader_path/Frameworks";
				PRODUCT_BUNDLE_IDENTIFIER = com.LikeX4Y.SimplicityTests;
				PRODUCT_NAME = "$(TARGET_NAME)";
				SWIFT_VERSION = 4.0;
				TARGETED_DEVICE_FAMILY = "1,2";
				TEST_HOST = "$(BUILT_PRODUCTS_DIR)/Simplicity.app/Simplicity";
			};
			name = Release;
		};
		92018BF21FA983D7006AF351 /* Debug */ = {
			isa = XCBuildConfiguration;
			buildSettings = {
				ALWAYS_EMBED_SWIFT_STANDARD_LIBRARIES = YES;
				CODE_SIGN_STYLE = Automatic;
				DEVELOPMENT_TEAM = XL5FU698JV;
				INFOPLIST_FILE = SimplicityUITests/Info.plist;
				LD_RUNPATH_SEARCH_PATHS = "$(inherited) @executable_path/Frameworks @loader_path/Frameworks";
				PRODUCT_BUNDLE_IDENTIFIER = com.LikeX4Y.SimplicityUITests;
				PRODUCT_NAME = "$(TARGET_NAME)";
				SWIFT_VERSION = 4.0;
				TARGETED_DEVICE_FAMILY = "1,2";
				TEST_TARGET_NAME = Simplicity;
			};
			name = Debug;
		};
		92018BF31FA983D7006AF351 /* Release */ = {
			isa = XCBuildConfiguration;
			buildSettings = {
				ALWAYS_EMBED_SWIFT_STANDARD_LIBRARIES = YES;
				CODE_SIGN_STYLE = Automatic;
				DEVELOPMENT_TEAM = XL5FU698JV;
				INFOPLIST_FILE = SimplicityUITests/Info.plist;
				LD_RUNPATH_SEARCH_PATHS = "$(inherited) @executable_path/Frameworks @loader_path/Frameworks";
				PRODUCT_BUNDLE_IDENTIFIER = com.LikeX4Y.SimplicityUITests;
				PRODUCT_NAME = "$(TARGET_NAME)";
				SWIFT_VERSION = 4.0;
				TARGETED_DEVICE_FAMILY = "1,2";
				TEST_TARGET_NAME = Simplicity;
			};
			name = Release;
		};
/* End XCBuildConfiguration section */

/* Begin XCConfigurationList section */
		92018BBC1FA983D7006AF351 /* Build configuration list for PBXProject "Simplicity" */ = {
			isa = XCConfigurationList;
			buildConfigurations = (
				92018BE91FA983D7006AF351 /* Debug */,
				92018BEA1FA983D7006AF351 /* Release */,
			);
			defaultConfigurationIsVisible = 0;
			defaultConfigurationName = Release;
		};
		92018BEB1FA983D7006AF351 /* Build configuration list for PBXNativeTarget "Simplicity" */ = {
			isa = XCConfigurationList;
			buildConfigurations = (
				92018BEC1FA983D7006AF351 /* Debug */,
				92018BED1FA983D7006AF351 /* Release */,
			);
			defaultConfigurationIsVisible = 0;
			defaultConfigurationName = Release;
		};
		92018BEE1FA983D7006AF351 /* Build configuration list for PBXNativeTarget "SimplicityTests" */ = {
			isa = XCConfigurationList;
			buildConfigurations = (
				92018BEF1FA983D7006AF351 /* Debug */,
				92018BF01FA983D7006AF351 /* Release */,
			);
			defaultConfigurationIsVisible = 0;
			defaultConfigurationName = Release;
		};
		92018BF11FA983D7006AF351 /* Build configuration list for PBXNativeTarget "SimplicityUITests" */ = {
			isa = XCConfigurationList;
			buildConfigurations = (
				92018BF21FA983D7006AF351 /* Debug */,
				92018BF31FA983D7006AF351 /* Release */,
			);
			defaultConfigurationIsVisible = 0;
			defaultConfigurationName = Release;
		};
/* End XCConfigurationList section */
	};
	rootObject = 92018BB91FA983D7006AF351 /* Project object */;
}
